
Microsoft Visual Studio Solution File, Format Version 12.00
# Visual Studio Version 17
VisualStudioVersion = 17.13.35828.75 d17.13
MinimumVisualStudioVersion = 10.0.40219.1
Project("{FAE04EC0-301F-11D3-BF4B-00C04F79EFBC}") = "tpmod5_103022300158", "tpmod5_103022300158.csproj", "{B8B7A129-9288-4EDA-8152-193C1EED2D4E}"
EndProject
Global
	GlobalSection(SolutionConfigurationPlatforms) = preSolution
		Debug|Any CPU = Debug|Any CPU
		Release|Any CPU = Release|Any CPU
	EndGlobalSection
	GlobalSection(ProjectConfigurationPlatforms) = postSolution
		{B8B7A129-9288-4EDA-8152-193C1EED2D4E}.Debug|Any CPU.ActiveCfg = Debug|Any CPU
		{B8B7A129-9288-4EDA-8152-193C1EED2D4E}.Debug|Any CPU.Build.0 = Debug|Any CPU
		{B8B7A129-9288-4EDA-8152-193C1EED2D4E}.Release|Any CPU.ActiveCfg = Release|Any CPU
		{B8B7A129-9288-4EDA-8152-193C1EED2D4E}.Release|Any CPU.Build.0 = Release|Any CPU
	EndGlobalSection
	GlobalSection(SolutionProperties) = preSolution
		HideSolutionNode = FALSE
	EndGlobalSection
	GlobalSection(ExtensibilityGlobals) = postSolution
		SolutionGuid = {96690A99-BB6E-43CB-B082-3FEF9C04D670}
	EndGlobalSection
EndGlobal
